
Microsoft Visual Studio Solution File, Format Version 12.00
# Visual Studio 15
VisualStudioVersion = 15.0.27130.2024
MinimumVisualStudioVersion = 10.0.40219.1
Project("{FAE04EC0-301F-11D3-BF4B-00C04F79EFBC}") = "appEval", "appEval\appEval.csproj", "{5573EFBD-B211-4F05-9F1F-412ED8C99291}"
EndProject
Global
	GlobalSection(SolutionConfigurationPlatforms) = preSolution
		Debug|Any CPU = Debug|Any CPU
		Release|Any CPU = Release|Any CPU
	EndGlobalSection
	GlobalSection(ProjectConfigurationPlatforms) = postSolution
		{5573EFBD-B211-4F05-9F1F-412ED8C99291}.Debug|Any CPU.ActiveCfg = Debug|Any CPU
		{5573EFBD-B211-4F05-9F1F-412ED8C99291}.Debug|Any CPU.Build.0 = Debug|Any CPU
		{5573EFBD-B211-4F05-9F1F-412ED8C99291}.Release|Any CPU.ActiveCfg = Release|Any CPU
		{5573EFBD-B211-4F05-9F1F-412ED8C99291}.Release|Any CPU.Build.0 = Release|Any CPU
	EndGlobalSection
	GlobalSection(SolutionProperties) = preSolution
		HideSolutionNode = FALSE
	EndGlobalSection
	GlobalSection(ExtensibilityGlobals) = postSolution
		SolutionGuid = {92CE0D37-84EE-44D4-A4AD-BAF361ACB7A7}
	EndGlobalSection
EndGlobal
